
Microsoft Visual Studio Solution File, Format Version 12.00
# Visual Studio Version 16
VisualStudioVersion = 16.0.30611.23
MinimumVisualStudioVersion = 10.0.40219.1
Project("{FAE04EC0-301F-11D3-BF4B-00C04F79EFBC}") = "DemoSite", "DemoSite\DemoSite.csproj", "{FFA9F68E-1B56-43A2-82AA-154E93747185}"
EndProject
Global
	GlobalSection(SolutionConfigurationPlatforms) = preSolution
		Debug|Any CPU = Debug|Any CPU
		Release|Any CPU = Release|Any CPU
	EndGlobalSection
	GlobalSection(ProjectConfigurationPlatforms) = postSolution
		{FFA9F68E-1B56-43A2-82AA-154E93747185}.Debug|Any CPU.ActiveCfg = Debug|Any CPU
		{FFA9F68E-1B56-43A2-82AA-154E93747185}.Debug|Any CPU.Build.0 = Debug|Any CPU
		{FFA9F68E-1B56-43A2-82AA-154E93747185}.Release|Any CPU.ActiveCfg = Release|Any CPU
		{FFA9F68E-1B56-43A2-82AA-154E93747185}.Release|Any CPU.Build.0 = Release|Any CPU
	EndGlobalSection
	GlobalSection(SolutionProperties) = preSolution
		HideSolutionNode = FALSE
	EndGlobalSection
	GlobalSection(ExtensibilityGlobals) = postSolution
		SolutionGuid = {516F00DD-E470-42FF-AF1F-091A86911211}
	EndGlobalSection
EndGlobal
